
Microsoft Visual Studio Solution File, Format Version 12.00
Project("{FAE04EC0-301F-11D3-BF4B-00C04F79EFBC}") = "UntitledTycoonGame", "UntitledTycoonGame.csproj", "{77FF1754-A5A5-4206-A6BD-61B08F0BFAAC}"
EndProject
Global
	GlobalSection(SolutionConfigurationPlatforms) = preSolution
		Debug|Any CPU = Debug|Any CPU
		Release|Any CPU = Release|Any CPU
	EndGlobalSection
	GlobalSection(ProjectConfigurationPlatforms) = postSolution
		{77FF1754-A5A5-4206-A6BD-61B08F0BFAAC}.Debug|Any CPU.ActiveCfg = Debug|Any CPU
		{77FF1754-A5A5-4206-A6BD-61B08F0BFAAC}.Debug|Any CPU.Build.0 = Debug|Any CPU
		{77FF1754-A5A5-4206-A6BD-61B08F0BFAAC}.Release|Any CPU.ActiveCfg = Release|Any CPU
		{77FF1754-A5A5-4206-A6BD-61B08F0BFAAC}.Release|Any CPU.Build.0 = Release|Any CPU
	EndGlobalSection
EndGlobal
